
Microsoft Visual Studio Solution File, Format Version 12.00
# Visual Studio 15
VisualStudioVersion = 15.0.28010.2048
MinimumVisualStudioVersion = 10.0.40219.1
Project("{FAE04EC0-301F-11D3-BF4B-00C04F79EFBC}") = "touch1.Android", "touch1\touch1.Android\touch1.Android.csproj", "{8EEA4EDC-826E-4BEF-9739-B795FE9A6D24}"
EndProject
Project("{FAE04EC0-301F-11D3-BF4B-00C04F79EFBC}") = "touch1.iOS", "touch1\touch1.iOS\touch1.iOS.csproj", "{C2DD671F-A62A-4CC1-829A-5162CC6CA312}"
EndProject
Project("{FAE04EC0-301F-11D3-BF4B-00C04F79EFBC}") = "touch1", "touch1\touch1\touch1.csproj", "{962A801C-50EA-49FE-8B0A-92331385A07D}"
EndProject
Global
	GlobalSection(SolutionConfigurationPlatforms) = preSolution
		Ad-Hoc|Any CPU = Ad-Hoc|Any CPU
		Ad-Hoc|iPhone = Ad-Hoc|iPhone
		Ad-Hoc|iPhoneSimulator = Ad-Hoc|iPhoneSimulator
		AppStore|Any CPU = AppStore|Any CPU
		AppStore|iPhone = AppStore|iPhone
		AppStore|iPhoneSimulator = AppStore|iPhoneSimulator
		Debug|Any CPU = Debug|Any CPU
		Debug|iPhone = Debug|iPhone
		Debug|iPhoneSimulator = Debug|iPhoneSimulator
		Release|Any CPU = Release|Any CPU
		Release|iPhone = Release|iPhone
		Release|iPhoneSimulator = Release|iPhoneSimulator
	EndGlobalSection
	GlobalSection(ProjectConfigurationPlatforms) = postSolution
		{8EEA4EDC-826E-4BEF-9739-B795FE9A6D24}.Ad-Hoc|Any CPU.ActiveCfg = Release|Any CPU
		{8EEA4EDC-826E-4BEF-9739-B795FE9A6D24}.Ad-Hoc|Any CPU.Build.0 = Release|Any CPU
		{8EEA4EDC-826E-4BEF-9739-B795FE9A6D24}.Ad-Hoc|Any CPU.Deploy.0 = Release|Any CPU
		{8EEA4EDC-826E-4BEF-9739-B795FE9A6D24}.Ad-Hoc|iPhone.ActiveCfg = Release|Any CPU
		{8EEA4EDC-826E-4BEF-9739-B795FE9A6D24}.Ad-Hoc|iPhone.Build.0 = Release|Any CPU
		{8EEA4EDC-826E-4BEF-9739-B795FE9A6D24}.Ad-Hoc|iPhone.Deploy.0 = Release|Any CPU
		{8EEA4EDC-826E-4BEF-9739-B795FE9A6D24}.Ad-Hoc|iPhoneSimulator.ActiveCfg = Release|Any CPU
		{8EEA4EDC-826E-4BEF-9739-B795FE9A6D24}.Ad-Hoc|iPhoneSimulator.Build.0 = Release|Any CPU
		{8EEA4EDC-826E-4BEF-9739-B795FE9A6D24}.Ad-Hoc|iPhoneSimulator.Deploy.0 = Release|Any CPU
		{8EEA4EDC-826E-4BEF-9739-B795FE9A6D24}.AppStore|Any CPU.ActiveCfg = Release|Any CPU
		{8EEA4EDC-826E-4BEF-9739-B795FE9A6D24}.AppStore|Any CPU.Build.0 = Release|Any CPU
		{8EEA4EDC-826E-4BEF-9739-B795FE9A6D24}.AppStore|Any CPU.Deploy.0 = Release|Any CPU
		{8EEA4EDC-826E-4BEF-9739-B795FE9A6D24}.AppStore|iPhone.ActiveCfg = Release|Any CPU
		{8EEA4EDC-826E-4BEF-9739-B795FE9A6D24}.AppStore|iPhone.Build.0 = Release|Any CPU
		{8EEA4EDC-826E-4BEF-9739-B795FE9A6D24}.AppStore|iPhone.Deploy.0 = Release|Any CPU
		{8EEA4EDC-826E-4BEF-9739-B795FE9A6D24}.AppStore|iPhoneSimulator.ActiveCfg = Release|Any CPU
		{8EEA4EDC-826E-4BEF-9739-B795FE9A6D24}.AppStore|iPhoneSimulator.Build.0 = Release|Any CPU
		{8EEA4EDC-826E-4BEF-9739-B795FE9A6D24}.AppStore|iPhoneSimulator.Deploy.0 = Release|Any CPU
		{8EEA4EDC-826E-4BEF-9739-B795FE9A6D24}.Debug|Any CPU.ActiveCfg = Debug|Any CPU
		{8EEA4EDC-826E-4BEF-9739-B795FE9A6D24}.Debug|Any CPU.Build.0 = Debug|Any CPU
		{8EEA4EDC-826E-4BEF-9739-B795FE9A6D24}.Debug|Any CPU.Deploy.0 = Debug|Any CPU
		{8EEA4EDC-826E-4BEF-9739-B795FE9A6D24}.Debug|iPhone.ActiveCfg = Debug|Any CPU
		{8EEA4EDC-826E-4BEF-9739-B795FE9A6D24}.Debug|iPhone.Build.0 = Debug|Any CPU
		{8EEA4EDC-826E-4BEF-9739-B795FE9A6D24}.Debug|iPhone.Deploy.0 = Debug|Any CPU
		{8EEA4EDC-826E-4BEF-9739-B795FE9A6D24}.Debug|iPhoneSimulator.ActiveCfg = Debug|Any CPU
		{8EEA4EDC-826E-4BEF-9739-B795FE9A6D24}.Debug|iPhoneSimulator.Build.0 = Debug|Any CPU
		{8EEA4EDC-826E-4BEF-9739-B795FE9A6D24}.Debug|iPhoneSimulator.Deploy.0 = Debug|Any CPU
		{8EEA4EDC-826E-4BEF-9739-B795FE9A6D24}.Release|Any CPU.ActiveCfg = Release|Any CPU
		{8EEA4EDC-826E-4BEF-9739-B795FE9A6D24}.Release|Any CPU.Build.0 = Release|Any CPU
		{8EEA4EDC-826E-4BEF-9739-B795FE9A6D24}.Release|Any CPU.Deploy.0 = Release|Any CPU
		{8EEA4EDC-826E-4BEF-9739-B795FE9A6D24}.Release|iPhone.ActiveCfg = Release|Any CPU
		{8EEA4EDC-826E-4BEF-9739-B795FE9A6D24}.Release|iPhone.Build.0 = Release|Any CPU
		{8EEA4EDC-826E-4BEF-9739-B795FE9A6D24}.Release|iPhone.Deploy.0 = Release|Any CPU
		{8EEA4EDC-826E-4BEF-9739-B795FE9A6D24}.Release|iPhoneSimulator.ActiveCfg = Release|Any CPU
		{8EEA4EDC-826E-4BEF-9739-B795FE9A6D24}.Release|iPhoneSimulator.Build.0 = Release|Any CPU
		{8EEA4EDC-826E-4BEF-9739-B795FE9A6D24}.Release|iPhoneSimulator.Deploy.0 = Release|Any CPU
		{C2DD671F-A62A-4CC1-829A-5162CC6CA312}.Ad-Hoc|Any CPU.ActiveCfg = Ad-Hoc|iPhone
		{C2DD671F-A62A-4CC1-829A-5162CC6CA312}.Ad-Hoc|Any CPU.Build.0 = Ad-Hoc|iPhone
		{C2DD671F-A62A-4CC1-829A-5162CC6CA312}.Ad-Hoc|Any CPU.Deploy.0 = Ad-Hoc|iPhone
		{C2DD671F-A62A-4CC1-829A-5162CC6CA312}.Ad-Hoc|iPhone.ActiveCfg = Ad-Hoc|iPhone
		{C2DD671F-A62A-4CC1-829A-5162CC6CA312}.Ad-Hoc|iPhone.Build.0 = Ad-Hoc|iPhone
		{C2DD671F-A62A-4CC1-829A-5162CC6CA312}.Ad-Hoc|iPhone.Deploy.0 = Ad-Hoc|iPhone
		{C2DD671F-A62A-4CC1-829A-5162CC6CA312}.Ad-Hoc|iPhoneSimulator.ActiveCfg = Ad-Hoc|iPhoneSimulator
		{C2DD671F-A62A-4CC1-829A-5162CC6CA312}.Ad-Hoc|iPhoneSimulator.Build.0 = Ad-Hoc|iPhoneSimulator
		{C2DD671F-A62A-4CC1-829A-5162CC6CA312}.Ad-Hoc|iPhoneSimulator.Deploy.0 = Ad-Hoc|iPhoneSimulator
		{C2DD671F-A62A-4CC1-829A-5162CC6CA312}.AppStore|Any CPU.ActiveCfg = AppStore|iPhone
		{C2DD671F-A62A-4CC1-829A-5162CC6CA312}.AppStore|Any CPU.Build.0 = AppStore|iPhone
		{C2DD671F-A62A-4CC1-829A-5162CC6CA312}.AppStore|Any CPU.Deploy.0 = AppStore|iPhone
		{C2DD671F-A62A-4CC1-829A-5162CC6CA312}.AppStore|iPhone.ActiveCfg = AppStore|iPhone
		{C2DD671F-A62A-4CC1-829A-5162CC6CA312}.AppStore|iPhone.Build.0 = AppStore|iPhone
		{C2DD671F-A62A-4CC1-829A-5162CC6CA312}.AppStore|iPhone.Deploy.0 = AppStore|iPhone
		{C2DD671F-A62A-4CC1-829A-5162CC6CA312}.AppStore|iPhoneSimulator.ActiveCfg = AppStore|iPhoneSimulator
		{C2DD671F-A62A-4CC1-829A-5162CC6CA312}.AppStore|iPhoneSimulator.Build.0 = AppStore|iPhoneSimulator
		{C2DD671F-A62A-4CC1-829A-5162CC6CA312}.AppStore|iPhoneSimulator.Deploy.0 = AppStore|iPhoneSimulator
		{C2DD671F-A62A-4CC1-829A-5162CC6CA312}.Debug|Any CPU.ActiveCfg = Debug|iPhoneSimulator
		{C2DD671F-A62A-4CC1-829A-5162CC6CA312}.Debug|Any CPU.Build.0 = Debug|iPhoneSimulator
		{C2DD671F-A62A-4CC1-829A-5162CC6CA312}.Debug|Any CPU.Deploy.0 = Debug|iPhoneSimulator
		{C2DD671F-A62A-4CC1-829A-5162CC6CA312}.Debug|iPhone.ActiveCfg = Debug|iPhone
		{C2DD671F-A62A-4CC1-829A-5162CC6CA312}.Debug|iPhone.Build.0 = Debug|iPhone
		{C2DD671F-A62A-4CC1-829A-5162CC6CA312}.Debug|iPhone.Deploy.0 = Debug|iPhone
		{C2DD671F-A62A-4CC1-829A-5162CC6CA312}.Debug|iPhoneSimulator.ActiveCfg = Debug|iPhoneSimulator
		{C2DD671F-A62A-4CC1-829A-5162CC6CA312}.Debug|iPhoneSimulator.Build.0 = Debug|iPhoneSimulator
		{C2DD671F-A62A-4CC1-829A-5162CC6CA312}.Debug|iPhoneSimulator.Deploy.0 = Debug|iPhoneSimulator
		{C2DD671F-A62A-4CC1-829A-5162CC6CA312}.Release|Any CPU.ActiveCfg = Release|iPhone
		{C2DD671F-A62A-4CC1-829A-5162CC6CA312}.Release|Any CPU.Build.0 = Release|iPhone
		{C2DD671F-A62A-4CC1-829A-5162CC6CA312}.Release|Any CPU.Deploy.0 = Release|iPhone
		{C2DD671F-A62A-4CC1-829A-5162CC6CA312}.Release|iPhone.ActiveCfg = Release|iPhone
		{C2DD671F-A62A-4CC1-829A-5162CC6CA312}.Release|iPhone.Build.0 = Release|iPhone
		{C2DD671F-A62A-4CC1-829A-5162CC6CA312}.Release|iPhone.Deploy.0 = Release|iPhone
		{C2DD671F-A62A-4CC1-829A-5162CC6CA312}.Release|iPhoneSimulator.ActiveCfg = Release|iPhoneSimulator
		{C2DD671F-A62A-4CC1-829A-5162CC6CA312}.Release|iPhoneSimulator.Build.0 = Release|iPhoneSimulator
		{C2DD671F-A62A-4CC1-829A-5162CC6CA312}.Release|iPhoneSimulator.Deploy.0 = Release|iPhoneSimulator
		{962A801C-50EA-49FE-8B0A-92331385A07D}.Ad-Hoc|Any CPU.ActiveCfg = Debug|Any CPU
		{962A801C-50EA-49FE-8B0A-92331385A07D}.Ad-Hoc|Any CPU.Build.0 = Debug|Any CPU
		{962A801C-50EA-49FE-8B0A-92331385A07D}.Ad-Hoc|Any CPU.Deploy.0 = Debug|Any CPU
		{962A801C-50EA-49FE-8B0A-92331385A07D}.Ad-Hoc|iPhone.ActiveCfg = Debug|Any CPU
		{962A801C-50EA-49FE-8B0A-92331385A07D}.Ad-Hoc|iPhone.Build.0 = Debug|Any CPU
		{962A801C-50EA-49FE-8B0A-92331385A07D}.Ad-Hoc|iPhone.Deploy.0 = Debug|Any CPU
		{962A801C-50EA-49FE-8B0A-92331385A07D}.Ad-Hoc|iPhoneSimulator.ActiveCfg = Debug|Any CPU
		{962A801C-50EA-49FE-8B0A-92331385A07D}.Ad-Hoc|iPhoneSimulator.Build.0 = Debug|Any CPU
		{962A801C-50EA-49FE-8B0A-92331385A07D}.Ad-Hoc|iPhoneSimulator.Deploy.0 = Debug|Any CPU
		{962A801C-50EA-49FE-8B0A-92331385A07D}.AppStore|Any CPU.ActiveCfg = Debug|Any CPU
		{962A801C-50EA-49FE-8B0A-92331385A07D}.AppStore|Any CPU.Build.0 = Debug|Any CPU
		{962A801C-50EA-49FE-8B0A-92331385A07D}.AppStore|Any CPU.Deploy.0 = Debug|Any CPU
		{962A801C-50EA-49FE-8B0A-92331385A07D}.AppStore|iPhone.ActiveCfg = Debug|Any CPU
		{962A801C-50EA-49FE-8B0A-92331385A07D}.AppStore|iPhone.Build.0 = Debug|Any CPU
		{962A801C-50EA-49FE-8B0A-92331385A07D}.AppStore|iPhone.Deploy.0 = Debug|Any CPU
		{962A801C-50EA-49FE-8B0A-92331385A07D}.AppStore|iPhoneSimulator.ActiveCfg = Debug|Any CPU
		{962A801C-50EA-49FE-8B0A-92331385A07D}.AppStore|iPhoneSimulator.Build.0 = Debug|Any CPU
		{962A801C-50EA-49FE-8B0A-92331385A07D}.AppStore|iPhoneSimulator.Deploy.0 = Debug|Any CPU
		{962A801C-50EA-49FE-8B0A-92331385A07D}.Debug|Any CPU.ActiveCfg = Debug|Any CPU
		{962A801C-50EA-49FE-8B0A-92331385A07D}.Debug|Any CPU.Build.0 = Debug|Any CPU
		{962A801C-50EA-49FE-8B0A-92331385A07D}.Debug|Any CPU.Deploy.0 = Debug|Any CPU
		{962A801C-50EA-49FE-8B0A-92331385A07D}.Debug|iPhone.ActiveCfg = Debug|Any CPU
		{962A801C-50EA-49FE-8B0A-92331385A07D}.Debug|iPhone.Build.0 = Debug|Any CPU
		{962A801C-50EA-49FE-8B0A-92331385A07D}.Debug|iPhone.Deploy.0 = Debug|Any CPU
		{962A801C-50EA-49FE-8B0A-92331385A07D}.Debug|iPhoneSimulator.ActiveCfg = Debug|Any CPU
		{962A801C-50EA-49FE-8B0A-92331385A07D}.Debug|iPhoneSimulator.Build.0 = Debug|Any CPU
		{962A801C-50EA-49FE-8B0A-92331385A07D}.Debug|iPhoneSimulator.Deploy.0 = Debug|Any CPU
		{962A801C-50EA-49FE-8B0A-92331385A07D}.Release|Any CPU.ActiveCfg = Release|Any CPU
		{962A801C-50EA-49FE-8B0A-92331385A07D}.Release|Any CPU.Build.0 = Release|Any CPU
		{962A801C-50EA-49FE-8B0A-92331385A07D}.Release|Any CPU.Deploy.0 = Release|Any CPU
		{962A801C-50EA-49FE-8B0A-92331385A07D}.Release|iPhone.ActiveCfg = Release|Any CPU
		{962A801C-50EA-49FE-8B0A-92331385A07D}.Release|iPhone.Build.0 = Release|Any CPU
		{962A801C-50EA-49FE-8B0A-92331385A07D}.Release|iPhone.Deploy.0 = Release|Any CPU
		{962A801C-50EA-49FE-8B0A-92331385A07D}.Release|iPhoneSimulator.ActiveCfg = Release|Any CPU
		{962A801C-50EA-49FE-8B0A-92331385A07D}.Release|iPhoneSimulator.Build.0 = Release|Any CPU
		{962A801C-50EA-49FE-8B0A-92331385A07D}.Release|iPhoneSimulator.Deploy.0 = Release|Any CPU
	EndGlobalSection
	GlobalSection(SolutionProperties) = preSolution
		HideSolutionNode = FALSE
	EndGlobalSection
	GlobalSection(ExtensibilityGlobals) = postSolution
		SolutionGuid = {B0980137-E1BC-4D09-BCFF-90A2391B8755}
	EndGlobalSection
EndGlobal
